// !$*UTF8*$!
{
	archiveVersion = 1;
	classes = {
	};
	objectVersion = 46;
	objects = {

/* Begin PBXBuildFile section */
		8B0343111B283523008015B9 /* AppDelegate.swift in Sources */ = {isa = PBXBuildFile; fileRef = 8B0343101B283523008015B9 /* AppDelegate.swift */; };
		8B0343131B283523008015B9 /* ViewController.swift in Sources */ = {isa = PBXBuildFile; fileRef = 8B0343121B283523008015B9 /* ViewController.swift */; };
		8B0343161B283523008015B9 /* Main.storyboard in Resources */ = {isa = PBXBuildFile; fileRef = 8B0343141B283523008015B9 /* Main.storyboard */; };
		8B0343181B283523008015B9 /* Images.xcassets in Resources */ = {isa = PBXBuildFile; fileRef = 8B0343171B283523008015B9 /* Images.xcassets */; };
		8B03431B1B283523008015B9 /* LaunchScreen.xib in Resources */ = {isa = PBXBuildFile; fileRef = 8B0343191B283523008015B9 /* LaunchScreen.xib */; };
		8B0343271B283523008015B9 /* swift1Tests.swift in Sources */ = {isa = PBXBuildFile; fileRef = 8B0343261B283523008015B9 /* swift1Tests.swift */; };
/* End PBXBuildFile section */

/* Begin PBXContainerItemProxy section */
		8B0343211B283523008015B9 /* PBXContainerItemProxy */ = {
			isa = PBXContainerItemProxy;
			containerPortal = 8B0343031B283523008015B9 /* Project object */;
			proxyType = 1;
			remoteGlobalIDString = 8B03430A1B283523008015B9;
			remoteInfo = swift1;
		};
/* End PBXContainerItemProxy section */

/* Begin PBXFileReference section */
		8B03430B1B283523008015B9 /* swift1.app */ = {isa = PBXFileReference; explicitFileType = wrapper.application; includeInIndex = 0; path = swift1.app; sourceTree = BUILT_PRODUCTS_DIR; };
		8B03430F1B283523008015B9 /* Info.plist */ = {isa = PBXFileReference; lastKnownFileType = text.plist.xml; path = Info.plist; sourceTree = "<group>"; };
		8B0343101B283523008015B9 /* AppDelegate.swift */ = {isa = PBXFileReference; lastKnownFileType = sourcecode.swift; path = AppDelegate.swift; sourceTree = "<group>"; };
		8B0343121B283523008015B9 /* ViewController.swift */ = {isa = PBXFileReference; lastKnownFileType = sourcecode.swift; path = ViewController.swift; sourceTree = "<group>"; };
		8B0343151B283523008015B9 /* Base */ = {isa = PBXFileReference; lastKnownFileType = file.storyboard; name = Base; path = Base.lproj/Main.storyboard; sourceTree = "<group>"; };
		8B0343171B283523008015B9 /* Images.xcassets */ = {isa = PBXFileReference; lastKnownFileType = folder.assetcatalog; path = Images.xcassets; sourceTree = "<group>"; };
		8B03431A1B283523008015B9 /* Base */ = {isa = PBXFileReference; lastKnownFileType = file.xib; name = Base; path = Base.lproj/LaunchScreen.xib; sourceTree = "<group>"; };
		8B0343201B283523008015B9 /* swift1Tests.xctest */ = {isa = PBXFileReference; explicitFileType = wrapper.cfbundle; includeInIndex = 0; path = swift1Tests.xctest; sourceTree = BUILT_PRODUCTS_DIR; };
		8B0343251B283523008015B9 /* Info.plist */ = {isa = PBXFileReference; lastKnownFileType = text.plist.xml; path = Info.plist; sourceTree = "<group>"; };
		8B0343261B283523008015B9 /* swift1Tests.swift */ = {isa = PBXFileReference; lastKnownFileType = sourcecode.swift; path = swift1Tests.swift; sourceTree = "<group>"; };
/* End PBXFileReference section */

/* Begin PBXFrameworksBuildPhase section */
		8B0343081B283523008015B9 /* Frameworks */ = {
			isa = PBXFrameworksBuildPhase;
			buildActionMask = 2147483647;
			files = (
			);
			runOnlyForDeploymentPostprocessing = 0;
		};
		8B03431D1B283523008015B9 /* Frameworks */ = {
			isa = PBXFrameworksBuildPhase;
			buildActionMask = 2147483647;
			files = (
			);
			runOnlyForDeploymentPostprocessing = 0;
		};
/* End PBXFrameworksBuildPhase section */

/* Begin PBXGroup section */
		8B0343021B283523008015B9 = {
			isa = PBXGroup;
			children = (
				8B03430D1B283523008015B9 /* swift1 */,
				8B0343231B283523008015B9 /* swift1Tests */,
				8B03430C1B283523008015B9 /* Products */,
			);
			sourceTree = "<group>";
		};
		8B03430C1B283523008015B9 /* Products */ = {
			isa = PBXGroup;
			children = (
				8B03430B1B283523008015B9 /* swift1.app */,
				8B0343201B283523008015B9 /* swift1Tests.xctest */,
			);
			name = Products;
			sourceTree = "<group>";
		};
		8B03430D1B283523008015B9 /* swift1 */ = {
			isa = PBXGroup;
			children = (
				8B0343101B283523008015B9 /* AppDelegate.swift */,
				8B0343121B283523008015B9 /* ViewController.swift */,
				8B0343141B283523008015B9 /* Main.storyboard */,
				8B0343171B283523008015B9 /* Images.xcassets */,
				8B0343191B283523008015B9 /* LaunchScreen.xib */,
				8B03430E1B283523008015B9 /* Supporting Files */,
			);
			path = swift1;
			sourceTree = "<group>";
		};
		8B03430E1B283523008015B9 /* Supporting Files */ = {
			isa = PBXGroup;
			children = (
				8B03430F1B283523008015B9 /* Info.plist */,
			);
			name = "Supporting Files";
			sourceTree = "<group>";
		};
		8B0343231B283523008015B9 /* swift1Tests */ = {
			isa = PBXGroup;
			children = (
				8B0343261B283523008015B9 /* swift1Tests.swift */,
				8B0343241B283523008015B9 /* Supporting Files */,
			);
			path = swift1Tests;
			sourceTree = "<group>";
		};
		8B0343241B283523008015B9 /* Supporting Files */ = {
			isa = PBXGroup;
			children = (
				8B0343251B283523008015B9 /* Info.plist */,
			);
			name = "Supporting Files";
			sourceTree = "<group>";
		};
/* End PBXGroup section */

/* Begin PBXNativeTarget section */
		8B03430A1B283523008015B9 /* swift1 */ = {
			isa = PBXNativeTarget;
			buildConfigurationList = 8B03432A1B283523008015B9 /* Build configuration list for PBXNativeTarget "swift1" */;
			buildPhases = (
				8B0343071B283523008015B9 /* Sources */,
				8B0343081B283523008015B9 /* Frameworks */,
				8B0343091B283523008015B9 /* Resources */,
			);
			buildRules = (
			);
			dependencies = (
			);
			name = swift1;
			productName = swift1;
			productReference = 8B03430B1B283523008015B9 /* swift1.app */;
			productType = "com.apple.product-type.application";
		};
		8B03431F1B283523008015B9 /* swift1Tests */ = {
			isa = PBXNativeTarget;
			buildConfigurationList = 8B03432D1B283523008015B9 /* Build configuration list for PBXNativeTarget "swift1Tests" */;
			buildPhases = (
				8B03431C1B283523008015B9 /* Sources */,
				8B03431D1B283523008015B9 /* Frameworks */,
				8B03431E1B283523008015B9 /* Resources */,
			);
			buildRules = (
			);
			dependencies = (
				8B0343221B283523008015B9 /* PBXTargetDependency */,
			);
			name = swift1Tests;
			productName = swift1Tests;
			productReference = 8B0343201B283523008015B9 /* swift1Tests.xctest */;
			productType = "com.apple.product-type.bundle.unit-test";
		};
/* End PBXNativeTarget section */

/* Begin PBXProject section */
		8B0343031B283523008015B9 /* Project object */ = {
			isa = PBXProject;
			attributes = {
				LastUpgradeCheck = 0630;
				ORGANIZATIONNAME = "中交虹桥";
				TargetAttributes = {
					8B03430A1B283523008015B9 = {
						CreatedOnToolsVersion = 6.3;
					};
					8B03431F1B283523008015B9 = {
						CreatedOnToolsVersion = 6.3;
						TestTargetID = 8B03430A1B283523008015B9;
					};
				};
			};
			buildConfigurationList = 8B0343061B283523008015B9 /* Build configuration list for PBXProject "swift1" */;
			compatibilityVersion = "Xcode 3.2";
			developmentRegion = English;
			hasScannedForEncodings = 0;
			knownRegions = (
				en,
				Base,
			);
			mainGroup = 8B0343021B283523008015B9;
			productRefGroup = 8B03430C1B283523008015B9 /* Products */;
			projectDirPath = "";
			projectRoot = "";
			targets = (
				8B03430A1B283523008015B9 /* swift1 */,
				8B03431F1B283523008015B9 /* swift1Tests */,
			);
		};
/* End PBXProject section */

/* Begin PBXResourcesBuildPhase section */
		8B0343091B283523008015B9 /* Resources */ = {
			isa = PBXResourcesBuildPhase;
			buildActionMask = 2147483647;
			files = (
				8B0343161B283523008015B9 /* Main.storyboard in Resources */,
				8B03431B1B283523008015B9 /* LaunchScreen.xib in Resources */,
				8B0343181B283523008015B9 /* Images.xcassets in Resources */,
			);
			runOnlyForDeploymentPostprocessing = 0;
		};
		8B03431E1B283523008015B9 /* Resources */ = {
			isa = PBXResourcesBuildPhase;
			buildActionMask = 2147483647;
			files = (
			);
			runOnlyForDeploymentPostprocessing = 0;
		};
/* End PBXResourcesBuildPhase section */

/* Begin PBXSourcesBuildPhase section */
		8B0343071B283523008015B9 /* Sources */ = {
			isa = PBXSourcesBuildPhase;
			buildActionMask = 2147483647;
			files = (
				8B0343131B283523008015B9 /* ViewController.swift in Sources */,
				8B0343111B283523008015B9 /* AppDelegate.swift in Sources */,
			);
			runOnlyForDeploymentPostprocessing = 0;
		};
		8B03431C1B283523008015B9 /* Sources */ = {
			isa = PBXSourcesBuildPhase;
			buildActionMask = 2147483647;
			files = (
				8B0343271B283523008015B9 /* swift1Tests.swift in Sources */,
			);
			runOnlyForDeploymentPostprocessing = 0;
		};
/* End PBXSourcesBuildPhase section */

/* Begin PBXTargetDependency section */
		8B0343221B283523008015B9 /* PBXTargetDependency */ = {
			isa = PBXTargetDependency;
			target = 8B03430A1B283523008015B9 /* swift1 */;
			targetProxy = 8B0343211B283523008015B9 /* PBXContainerItemProxy */;
		};
/* End PBXTargetDependency section */

/* Begin PBXVariantGroup section */
		8B0343141B283523008015B9 /* Main.storyboard */ = {
			isa = PBXVariantGroup;
			children = (
				8B0343151B283523008015B9 /* Base */,
			);
			name = Main.storyboard;
			sourceTree = "<group>";
		};
		8B0343191B283523008015B9 /* LaunchScreen.xib */ = {
			isa = PBXVariantGroup;
			children = (
				8B03431A1B283523008015B9 /* Base */,
			);
			name = LaunchScreen.xib;
			sourceTree = "<group>";
		};
/* End PBXVariantGroup section */

/* Begin XCBuildConfiguration section */
		8B0343281B283523008015B9 /* Debug */ = {
			isa = XCBuildConfiguration;
			buildSettings = {
				ALWAYS_SEARCH_USER_PATHS = NO;
				CLANG_CXX_LANGUAGE_STANDARD = "gnu++0x";
				CLANG_CXX_LIBRARY = "libc++";
				CLANG_ENABLE_MODULES = YES;
				CLANG_ENABLE_OBJC_ARC = YES;
				CLANG_WARN_BOOL_CONVERSION = YES;
				CLANG_WARN_CONSTANT_CONVERSION = YES;
				CLANG_WARN_DIRECT_OBJC_ISA_USAGE = YES_ERROR;
				CLANG_WARN_EMPTY_BODY = YES;
				CLANG_WARN_ENUM_CONVERSION = YES;
				CLANG_WARN_INT_CONVERSION = YES;
				CLANG_WARN_OBJC_ROOT_CLASS = YES_ERROR;
				CLANG_WARN_UNREACHABLE_CODE = YES;
				CLANG_WARN__DUPLICATE_METHOD_MATCH = YES;
				"CODE_SIGN_IDENTITY[sdk=iphoneos*]" = "iPhone Developer";
				COPY_PHASE_STRIP = NO;
				DEBUG_INFORMATION_FORMAT = "dwarf-with-dsym";
				ENABLE_STRICT_OBJC_MSGSEND = YES;
				GCC_C_LANGUAGE_STANDARD = gnu99;
				GCC_DYNAMIC_NO_PIC = NO;
				GCC_NO_COMMON_BLOCKS = YES;
				GCC_OPTIMIZATION_LEVEL = 0;
				GCC_PREPROCESSOR_DEFINITIONS = (
					"DEBUG=1",
					"$(inherited)",
				);
				GCC_SYMBOLS_PRIVATE_EXTERN = NO;
				GCC_WARN_64_TO_32_BIT_CONVERSION = YES;
				GCC_WARN_ABOUT_RETURN_TYPE = YES_ERROR;
				GCC_WARN_UNDECLARED_SELECTOR = YES;
				GCC_WARN_UNINITIALIZED_AUTOS = YES_AGGRESSIVE;
				GCC_WARN_UNUSED_FUNCTION = YES;
				GCC_WARN_UNUSED_VARIABLE = YES;
				IPHONEOS_DEPLOYMENT_TARGET = 8.3;
				MTL_ENABLE_DEBUG_INFO = YES;
				ONLY_ACTIVE_ARCH = YES;
				SDKROOT = iphoneos;
				SWIFT_OPTIMIZATION_LEVEL = "-Onone";
			};
			name = Debug;
		};
		8B0343291B283523008015B9 /* Release */ = {
			isa = XCBuildConfiguration;
			buildSettings = {
				ALWAYS_SEARCH_USER_PATHS = NO;
				CLANG_CXX_LANGUAGE_STANDARD = "gnu++0x";
				CLANG_CXX_LIBRARY = "libc++";
				CLANG_ENABLE_MODULES = YES;
				CLANG_ENABLE_OBJC_ARC = YES;
				CLANG_WARN_BOOL_CONVERSION = YES;
				CLANG_WARN_CONSTANT_CONVERSION = YES;
				CLANG_WARN_DIRECT_OBJC_ISA_USAGE = YES_ERROR;
				CLANG_WARN_EMPTY_BODY = YES;
				CLANG_WARN_ENUM_CONVERSION = YES;
				CLANG_WARN_INT_CONVERSION = YES;
				CLANG_WARN_OBJC_ROOT_CLASS = YES_ERROR;
				CLANG_WARN_UNREACHABLE_CODE = YES;
				CLANG_WARN__DUPLICATE_METHOD_MATCH = YES;
				"CODE_SIGN_IDENTITY[sdk=iphoneos*]" = "iPhone Developer";
				COPY_PHASE_STRIP = NO;
				DEBUG_INFORMATION_FORMAT = "dwarf-with-dsym";
				ENABLE_NS_ASSERTIONS = NO;
				ENABLE_STRICT_OBJC_MSGSEND = YES;
				GCC_C_LANGUAGE_STANDARD = gnu99;
				GCC_NO_COMMON_BLOCKS = YES;
				GCC_WARN_64_TO_32_BIT_CONVERSION = YES;
				GCC_WARN_ABOUT_RETURN_TYPE = YES_ERROR;
				GCC_WARN_UNDECLARED_SELECTOR = YES;
				GCC_WARN_UNINITIALIZED_AUTOS = YES_AGGRESSIVE;
				GCC_WARN_UNUSED_FUNCTION = YES;
				GCC_WARN_UNUSED_VARIABLE = YES;
				IPHONEOS_DEPLOYMENT_TARGET = 8.3;
				MTL_ENABLE_DEBUG_INFO = NO;
				SDKROOT = iphoneos;
				VALIDATE_PRODUCT = YES;
			};
			name = Release;
		};
		8B03432B1B283523008015B9 /* Debug */ = {
			isa = XCBuildConfiguration;
			buildSettings = {
				ASSETCATALOG_COMPILER_APPICON_NAME = AppIcon;
				INFOPLIST_FILE = swift1/Info.plist;
				LD_RUNPATH_SEARCH_PATHS = "$(inherited) @executable_path/Frameworks";
				PRODUCT_NAME = "$(TARGET_NAME)";
			};
			name = Debug;
		};
		8B03432C1B283523008015B9 /* Release */ = {
			isa = XCBuildConfiguration;
			buildSettings = {
				ASSETCATALOG_COMPILER_APPICON_NAME = AppIcon;
				INFOPLIST_FILE = swift1/Info.plist;
				LD_RUNPATH_SEARCH_PATHS = "$(inherited) @executable_path/Frameworks";
				PRODUCT_NAME = "$(TARGET_NAME)";
			};
			name = Release;
		};
		8B03432E1B283523008015B9 /* Debug */ = {
			isa = XCBuildConfiguration;
			buildSettings = {
				BUNDLE_LOADER = "$(TEST_HOST)";
				FRAMEWORK_SEARCH_PATHS = (
					"$(SDKROOT)/Developer/Library/Frameworks",
					"$(inherited)",
				);
				GCC_PREPROCESSOR_DEFINITIONS = (
					"DEBUG=1",
					"$(inherited)",
				);
				INFOPLIST_FILE = swift1Tests/Info.plist;
				LD_RUNPATH_SEARCH_PATHS = "$(inherited) @executable_path/Frameworks @loader_path/Frameworks";
				PRODUCT_NAME = "$(TARGET_NAME)";
				TEST_HOST = "$(BUILT_PRODUCTS_DIR)/swift1.app/swift1";
			};
			name = Debug;
		};
		8B03432F1B283523008015B9 /* Release */ = {
			isa = XCBuildConfiguration;
			buildSettings = {
				BUNDLE_LOADER = "$(TEST_HOST)";
				FRAMEWORK_SEARCH_PATHS = (
					"$(SDKROOT)/Developer/Library/Frameworks",
					"$(inherited)",
				);
				INFOPLIST_FILE = swift1Tests/Info.plist;
				LD_RUNPATH_SEARCH_PATHS = "$(inherited) @executable_path/Frameworks @loader_path/Frameworks";
				PRODUCT_NAME = "$(TARGET_NAME)";
				TEST_HOST = "$(BUILT_PRODUCTS_DIR)/swift1.app/swift1";
			};
			name = Release;
		};
/* End XCBuildConfiguration section */

/* Begin XCConfigurationList section */
		8B0343061B283523008015B9 /* Build configuration list for PBXProject "swift1" */ = {
			isa = XCConfigurationList;
			buildConfigurations = (
				8B0343281B283523008015B9 /* Debug */,
				8B0343291B283523008015B9 /* Release */,
			);
			defaultConfigurationIsVisible = 0;
			defaultConfigurationName = Release;
		};
		8B03432A1B283523008015B9 /* Build configuration list for PBXNativeTarget "swift1" */ = {
			isa = XCConfigurationList;
			buildConfigurations = (
				8B03432B1B283523008015B9 /* Debug */,
				8B03432C1B283523008015B9 /* Release */,
			);
			defaultConfigurationIsVisible = 0;
		};
		8B03432D1B283523008015B9 /* Build configuration list for PBXNativeTarget "swift1Tests" */ = {
			isa = XCConfigurationList;
			buildConfigurations = (
				8B03432E1B283523008015B9 /* Debug */,
				8B03432F1B283523008015B9 /* Release */,
			);
			defaultConfigurationIsVisible = 0;
		};
/* End XCConfigurationList section */
	};
	rootObject = 8B0343031B283523008015B9 /* Project object */;
}
